
Microsoft Visual Studio Solution File, Format Version 12.00
# Visual Studio 15
VisualStudioVersion = 15.0.28010.2050
MinimumVisualStudioVersion = 10.0.40219.1
Project("{6EC3EE1D-3C4E-46DD-8F32-0CC8E7565705}") = "Farss.Tests", "Farss.Tests\Farss.Tests.fsproj", "{839AE752-A553-4AF7-AA17-909CE85DDA9A}"
EndProject
Project("{F2A71F9B-5D33-465A-A702-920D77279786}") = "Farss.Shared", "Farss.Shared\Farss.Shared.fsproj", "{0EF93417-2205-41E0-A16E-2A1F845DE6BE}"
EndProject
Project("{F2A71F9B-5D33-465A-A702-920D77279786}") = "Farss.Client", "Farss.Client\src\Farss.Client.fsproj", "{72F347C1-6DAA-45C7-9413-4326BA14D6EE}"
EndProject
Project("{F2A71F9B-5D33-465A-A702-920D77279786}") = "Farss.Server", "Farss.Server\Farss.Server.fsproj", "{37E8E4EB-B852-421E-B43C-4E207589259F}"
EndProject
Global
	GlobalSection(SolutionConfigurationPlatforms) = preSolution
		Debug|Any CPU = Debug|Any CPU
		Debug|x64 = Debug|x64
		Debug|x86 = Debug|x86
		Release|Any CPU = Release|Any CPU
		Release|x64 = Release|x64
		Release|x86 = Release|x86
	EndGlobalSection
	GlobalSection(ProjectConfigurationPlatforms) = postSolution
		{839AE752-A553-4AF7-AA17-909CE85DDA9A}.Debug|Any CPU.ActiveCfg = Debug|Any CPU
		{839AE752-A553-4AF7-AA17-909CE85DDA9A}.Debug|Any CPU.Build.0 = Debug|Any CPU
		{839AE752-A553-4AF7-AA17-909CE85DDA9A}.Debug|x64.ActiveCfg = Debug|Any CPU
		{839AE752-A553-4AF7-AA17-909CE85DDA9A}.Debug|x64.Build.0 = Debug|Any CPU
		{839AE752-A553-4AF7-AA17-909CE85DDA9A}.Debug|x86.ActiveCfg = Debug|Any CPU
		{839AE752-A553-4AF7-AA17-909CE85DDA9A}.Debug|x86.Build.0 = Debug|Any CPU
		{839AE752-A553-4AF7-AA17-909CE85DDA9A}.Release|Any CPU.ActiveCfg = Release|Any CPU
		{839AE752-A553-4AF7-AA17-909CE85DDA9A}.Release|Any CPU.Build.0 = Release|Any CPU
		{839AE752-A553-4AF7-AA17-909CE85DDA9A}.Release|x64.ActiveCfg = Release|Any CPU
		{839AE752-A553-4AF7-AA17-909CE85DDA9A}.Release|x64.Build.0 = Release|Any CPU
		{839AE752-A553-4AF7-AA17-909CE85DDA9A}.Release|x86.ActiveCfg = Release|Any CPU
		{839AE752-A553-4AF7-AA17-909CE85DDA9A}.Release|x86.Build.0 = Release|Any CPU
		{AF2CA6D0-68A7-427B-A5A8-AB2C85EED5E0}.Debug|Any CPU.ActiveCfg = Debug|Any CPU
		{AF2CA6D0-68A7-427B-A5A8-AB2C85EED5E0}.Debug|Any CPU.Build.0 = Debug|Any CPU
		{AF2CA6D0-68A7-427B-A5A8-AB2C85EED5E0}.Debug|x64.ActiveCfg = Debug|Any CPU
		{AF2CA6D0-68A7-427B-A5A8-AB2C85EED5E0}.Debug|x64.Build.0 = Debug|Any CPU
		{AF2CA6D0-68A7-427B-A5A8-AB2C85EED5E0}.Debug|x86.ActiveCfg = Debug|Any CPU
		{AF2CA6D0-68A7-427B-A5A8-AB2C85EED5E0}.Debug|x86.Build.0 = Debug|Any CPU
		{AF2CA6D0-68A7-427B-A5A8-AB2C85EED5E0}.Release|Any CPU.ActiveCfg = Debug|Any CPU
		{AF2CA6D0-68A7-427B-A5A8-AB2C85EED5E0}.Release|Any CPU.Build.0 = Debug|Any CPU
		{AF2CA6D0-68A7-427B-A5A8-AB2C85EED5E0}.Release|x64.ActiveCfg = Debug|Any CPU
		{AF2CA6D0-68A7-427B-A5A8-AB2C85EED5E0}.Release|x64.Build.0 = Debug|Any CPU
		{AF2CA6D0-68A7-427B-A5A8-AB2C85EED5E0}.Release|x86.ActiveCfg = Debug|Any CPU
		{AF2CA6D0-68A7-427B-A5A8-AB2C85EED5E0}.Release|x86.Build.0 = Debug|Any CPU
		{0EF93417-2205-41E0-A16E-2A1F845DE6BE}.Debug|Any CPU.ActiveCfg = Debug|Any CPU
		{0EF93417-2205-41E0-A16E-2A1F845DE6BE}.Debug|Any CPU.Build.0 = Debug|Any CPU
		{0EF93417-2205-41E0-A16E-2A1F845DE6BE}.Debug|x64.ActiveCfg = Debug|Any CPU
		{0EF93417-2205-41E0-A16E-2A1F845DE6BE}.Debug|x64.Build.0 = Debug|Any CPU
		{0EF93417-2205-41E0-A16E-2A1F845DE6BE}.Debug|x86.ActiveCfg = Debug|Any CPU
		{0EF93417-2205-41E0-A16E-2A1F845DE6BE}.Debug|x86.Build.0 = Debug|Any CPU
		{0EF93417-2205-41E0-A16E-2A1F845DE6BE}.Release|Any CPU.ActiveCfg = Release|Any CPU
		{0EF93417-2205-41E0-A16E-2A1F845DE6BE}.Release|Any CPU.Build.0 = Release|Any CPU
		{0EF93417-2205-41E0-A16E-2A1F845DE6BE}.Release|x64.ActiveCfg = Release|Any CPU
		{0EF93417-2205-41E0-A16E-2A1F845DE6BE}.Release|x64.Build.0 = Release|Any CPU
		{0EF93417-2205-41E0-A16E-2A1F845DE6BE}.Release|x86.ActiveCfg = Release|Any CPU
		{0EF93417-2205-41E0-A16E-2A1F845DE6BE}.Release|x86.Build.0 = Release|Any CPU
		{72F347C1-6DAA-45C7-9413-4326BA14D6EE}.Debug|Any CPU.ActiveCfg = Debug|Any CPU
		{72F347C1-6DAA-45C7-9413-4326BA14D6EE}.Debug|Any CPU.Build.0 = Debug|Any CPU
		{72F347C1-6DAA-45C7-9413-4326BA14D6EE}.Debug|x64.ActiveCfg = Debug|Any CPU
		{72F347C1-6DAA-45C7-9413-4326BA14D6EE}.Debug|x64.Build.0 = Debug|Any CPU
		{72F347C1-6DAA-45C7-9413-4326BA14D6EE}.Debug|x86.ActiveCfg = Debug|Any CPU
		{72F347C1-6DAA-45C7-9413-4326BA14D6EE}.Debug|x86.Build.0 = Debug|Any CPU
		{72F347C1-6DAA-45C7-9413-4326BA14D6EE}.Release|Any CPU.ActiveCfg = Release|Any CPU
		{72F347C1-6DAA-45C7-9413-4326BA14D6EE}.Release|Any CPU.Build.0 = Release|Any CPU
		{72F347C1-6DAA-45C7-9413-4326BA14D6EE}.Release|x64.ActiveCfg = Release|Any CPU
		{72F347C1-6DAA-45C7-9413-4326BA14D6EE}.Release|x64.Build.0 = Release|Any CPU
		{72F347C1-6DAA-45C7-9413-4326BA14D6EE}.Release|x86.ActiveCfg = Release|Any CPU
		{72F347C1-6DAA-45C7-9413-4326BA14D6EE}.Release|x86.Build.0 = Release|Any CPU
		{37E8E4EB-B852-421E-B43C-4E207589259F}.Debug|Any CPU.ActiveCfg = Debug|Any CPU
		{37E8E4EB-B852-421E-B43C-4E207589259F}.Debug|Any CPU.Build.0 = Debug|Any CPU
		{37E8E4EB-B852-421E-B43C-4E207589259F}.Debug|x64.ActiveCfg = Debug|Any CPU
		{37E8E4EB-B852-421E-B43C-4E207589259F}.Debug|x64.Build.0 = Debug|Any CPU
		{37E8E4EB-B852-421E-B43C-4E207589259F}.Debug|x86.ActiveCfg = Debug|Any CPU
		{37E8E4EB-B852-421E-B43C-4E207589259F}.Debug|x86.Build.0 = Debug|Any CPU
		{37E8E4EB-B852-421E-B43C-4E207589259F}.Release|Any CPU.ActiveCfg = Release|Any CPU
		{37E8E4EB-B852-421E-B43C-4E207589259F}.Release|Any CPU.Build.0 = Release|Any CPU
		{37E8E4EB-B852-421E-B43C-4E207589259F}.Release|x64.ActiveCfg = Release|Any CPU
		{37E8E4EB-B852-421E-B43C-4E207589259F}.Release|x64.Build.0 = Release|Any CPU
		{37E8E4EB-B852-421E-B43C-4E207589259F}.Release|x86.ActiveCfg = Release|Any CPU
		{37E8E4EB-B852-421E-B43C-4E207589259F}.Release|x86.Build.0 = Release|Any CPU
	EndGlobalSection
	GlobalSection(SolutionProperties) = preSolution
		HideSolutionNode = FALSE
	EndGlobalSection
	GlobalSection(ExtensibilityGlobals) = postSolution
		SolutionGuid = {1A834C53-E6C9-4C36-B1F9-D1C2940D0880}
	EndGlobalSection
EndGlobal
